// !$*UTF8*$!
{
	archiveVersion = 1;
	classes = {
	};
	objectVersion = 50;
	objects = {

/* Begin PBXBuildFile section */
		D246BA5225C9F8CA004FA97E /* CourseItem.swift in Sources */ = {isa = PBXBuildFile; fileRef = D246BA5125C9F8CA004FA97E /* CourseItem.swift */; };
		D246BA5325C9F8CA004FA97E /* CourseItem.swift in Sources */ = {isa = PBXBuildFile; fileRef = D246BA5125C9F8CA004FA97E /* CourseItem.swift */; };
		D246BA5D25C9FA26004FA97E /* CourseList.swift in Sources */ = {isa = PBXBuildFile; fileRef = D246BA5C25C9FA26004FA97E /* CourseList.swift */; };
		D246BA5E25C9FA26004FA97E /* CourseList.swift in Sources */ = {isa = PBXBuildFile; fileRef = D246BA5C25C9FA26004FA97E /* CourseList.swift */; };
		D26BAD1225CB3F5700B209E7 /* Course.swift in Sources */ = {isa = PBXBuildFile; fileRef = D26BAD1125CB3F5700B209E7 /* Course.swift */; };
		D26BAD1325CB3F5700B209E7 /* Course.swift in Sources */ = {isa = PBXBuildFile; fileRef = D26BAD1125CB3F5700B209E7 /* Course.swift */; };
		D2935A8325C8A85400AB959F /* DesignCodeCourseApp.swift in Sources */ = {isa = PBXBuildFile; fileRef = D2935A7025C8A85200AB959F /* DesignCodeCourseApp.swift */; };
		D2935A8425C8A85400AB959F /* DesignCodeCourseApp.swift in Sources */ = {isa = PBXBuildFile; fileRef = D2935A7025C8A85200AB959F /* DesignCodeCourseApp.swift */; };
		D2935A8525C8A85400AB959F /* ContentView.swift in Sources */ = {isa = PBXBuildFile; fileRef = D2935A7125C8A85200AB959F /* ContentView.swift */; };
		D2935A8625C8A85400AB959F /* ContentView.swift in Sources */ = {isa = PBXBuildFile; fileRef = D2935A7125C8A85200AB959F /* ContentView.swift */; };
		D2935A8725C8A85400AB959F /* Assets.xcassets in Resources */ = {isa = PBXBuildFile; fileRef = D2935A7225C8A85400AB959F /* Assets.xcassets */; };
		D2935A8825C8A85400AB959F /* Assets.xcassets in Resources */ = {isa = PBXBuildFile; fileRef = D2935A7225C8A85400AB959F /* Assets.xcassets */; };
		D29DC67725C8BD0E000CAD9E /* CourseRow.swift in Sources */ = {isa = PBXBuildFile; fileRef = D29DC67625C8BD0E000CAD9E /* CourseRow.swift */; };
		D29DC67825C8BD0E000CAD9E /* CourseRow.swift in Sources */ = {isa = PBXBuildFile; fileRef = D29DC67625C8BD0E000CAD9E /* CourseRow.swift */; };
		D29DC67C25C8BFB6000CAD9E /* CoursesView.swift in Sources */ = {isa = PBXBuildFile; fileRef = D29DC67B25C8BFB6000CAD9E /* CoursesView.swift */; };
		D29DC67D25C8BFB6000CAD9E /* CoursesView.swift in Sources */ = {isa = PBXBuildFile; fileRef = D29DC67B25C8BFB6000CAD9E /* CoursesView.swift */; };
		D29DC68125C8C0AF000CAD9E /* Sidebar.swift in Sources */ = {isa = PBXBuildFile; fileRef = D29DC68025C8C0AF000CAD9E /* Sidebar.swift */; };
		D29DC68225C8C0AF000CAD9E /* Sidebar.swift in Sources */ = {isa = PBXBuildFile; fileRef = D29DC68025C8C0AF000CAD9E /* Sidebar.swift */; };
/* End PBXBuildFile section */

/* Begin PBXFileReference section */
		D246BA5125C9F8CA004FA97E /* CourseItem.swift */ = {isa = PBXFileReference; lastKnownFileType = sourcecode.swift; path = CourseItem.swift; sourceTree = "<group>"; };
		D246BA5C25C9FA26004FA97E /* CourseList.swift */ = {isa = PBXFileReference; lastKnownFileType = sourcecode.swift; path = CourseList.swift; sourceTree = "<group>"; };
		D26BAD1125CB3F5700B209E7 /* Course.swift */ = {isa = PBXFileReference; lastKnownFileType = sourcecode.swift; path = Course.swift; sourceTree = "<group>"; };
		D2935A7025C8A85200AB959F /* DesignCodeCourseApp.swift */ = {isa = PBXFileReference; lastKnownFileType = sourcecode.swift; path = DesignCodeCourseApp.swift; sourceTree = "<group>"; };
		D2935A7125C8A85200AB959F /* ContentView.swift */ = {isa = PBXFileReference; lastKnownFileType = sourcecode.swift; path = ContentView.swift; sourceTree = "<group>"; };
		D2935A7225C8A85400AB959F /* Assets.xcassets */ = {isa = PBXFileReference; lastKnownFileType = folder.assetcatalog; path = Assets.xcassets; sourceTree = "<group>"; };
		D2935A7725C8A85400AB959F /* DesignCodeCourse.app */ = {isa = PBXFileReference; explicitFileType = wrapper.application; includeInIndex = 0; path = DesignCodeCourse.app; sourceTree = BUILT_PRODUCTS_DIR; };
		D2935A7A25C8A85400AB959F /* Info.plist */ = {isa = PBXFileReference; lastKnownFileType = text.plist.xml; path = Info.plist; sourceTree = "<group>"; };
		D2935A7F25C8A85400AB959F /* DesignCodeCourse.app */ = {isa = PBXFileReference; explicitFileType = wrapper.application; includeInIndex = 0; path = DesignCodeCourse.app; sourceTree = BUILT_PRODUCTS_DIR; };
		D2935A8125C8A85400AB959F /* Info.plist */ = {isa = PBXFileReference; lastKnownFileType = text.plist.xml; path = Info.plist; sourceTree = "<group>"; };
		D2935A8225C8A85400AB959F /* macOS.entitlements */ = {isa = PBXFileReference; lastKnownFileType = text.plist.entitlements; path = macOS.entitlements; sourceTree = "<group>"; };
		D29DC67625C8BD0E000CAD9E /* CourseRow.swift */ = {isa = PBXFileReference; lastKnownFileType = sourcecode.swift; path = CourseRow.swift; sourceTree = "<group>"; };
		D29DC67B25C8BFB6000CAD9E /* CoursesView.swift */ = {isa = PBXFileReference; lastKnownFileType = sourcecode.swift; path = CoursesView.swift; sourceTree = "<group>"; };
		D29DC68025C8C0AF000CAD9E /* Sidebar.swift */ = {isa = PBXFileReference; lastKnownFileType = sourcecode.swift; path = Sidebar.swift; sourceTree = "<group>"; };
/* End PBXFileReference section */

/* Begin PBXFrameworksBuildPhase section */
		D2935A7425C8A85400AB959F /* Frameworks */ = {
			isa = PBXFrameworksBuildPhase;
			buildActionMask = 2147483647;
			files = (
			);
			runOnlyForDeploymentPostprocessing = 0;
		};
		D2935A7C25C8A85400AB959F /* Frameworks */ = {
			isa = PBXFrameworksBuildPhase;
			buildActionMask = 2147483647;
			files = (
			);
			runOnlyForDeploymentPostprocessing = 0;
		};
/* End PBXFrameworksBuildPhase section */

/* Begin PBXGroup section */
		D246BA5625C9F99B004FA97E /* Navigation */ = {
			isa = PBXGroup;
			children = (
				D2935A7125C8A85200AB959F /* ContentView.swift */,
				D29DC68025C8C0AF000CAD9E /* Sidebar.swift */,
			);
			path = Navigation;
			sourceTree = "<group>";
		};
		D246BA5925C9F9BF004FA97E /* Items */ = {
			isa = PBXGroup;
			children = (
				D246BA5125C9F8CA004FA97E /* CourseItem.swift */,
				D29DC67625C8BD0E000CAD9E /* CourseRow.swift */,
			);
			path = Items;
			sourceTree = "<group>";
		};
		D2935A6A25C8A85200AB959F = {
			isa = PBXGroup;
			children = (
				D2935A6F25C8A85200AB959F /* Shared */,
				D2935A7925C8A85400AB959F /* iOS */,
				D2935A8025C8A85400AB959F /* macOS */,
				D2935A7825C8A85400AB959F /* Products */,
			);
			sourceTree = "<group>";
		};
		D2935A6F25C8A85200AB959F /* Shared */ = {
			isa = PBXGroup;
			children = (
				D2935A7025C8A85200AB959F /* DesignCodeCourseApp.swift */,
				D246BA5625C9F99B004FA97E /* Navigation */,
				D246BA5925C9F9BF004FA97E /* Items */,
				D29DC67B25C8BFB6000CAD9E /* CoursesView.swift */,
				D26BAD1125CB3F5700B209E7 /* Course.swift */,
				D246BA5C25C9FA26004FA97E /* CourseList.swift */,
				D2935A7225C8A85400AB959F /* Assets.xcassets */,
			);
			path = Shared;
			sourceTree = "<group>";
		};
		D2935A7825C8A85400AB959F /* Products */ = {
			isa = PBXGroup;
			children = (
				D2935A7725C8A85400AB959F /* DesignCodeCourse.app */,
				D2935A7F25C8A85400AB959F /* DesignCodeCourse.app */,
			);
			name = Products;
			sourceTree = "<group>";
		};
		D2935A7925C8A85400AB959F /* iOS */ = {
			isa = PBXGroup;
			children = (
				D2935A7A25C8A85400AB959F /* Info.plist */,
			);
			path = iOS;
			sourceTree = "<group>";
		};
		D2935A8025C8A85400AB959F /* macOS */ = {
			isa = PBXGroup;
			children = (
				D2935A8125C8A85400AB959F /* Info.plist */,
				D2935A8225C8A85400AB959F /* macOS.entitlements */,
			);
			path = macOS;
			sourceTree = "<group>";
		};
/* End PBXGroup section */

/* Begin PBXNativeTarget section */
		D2935A7625C8A85400AB959F /* DesignCodeCourse (iOS) */ = {
			isa = PBXNativeTarget;
			buildConfigurationList = D2935A8B25C8A85400AB959F /* Build configuration list for PBXNativeTarget "DesignCodeCourse (iOS)" */;
			buildPhases = (
				D2935A7325C8A85400AB959F /* Sources */,
				D2935A7425C8A85400AB959F /* Frameworks */,
				D2935A7525C8A85400AB959F /* Resources */,
			);
			buildRules = (
			);
			dependencies = (
			);
			name = "DesignCodeCourse (iOS)";
			productName = "DesignCodeCourse (iOS)";
			productReference = D2935A7725C8A85400AB959F /* DesignCodeCourse.app */;
			productType = "com.apple.product-type.application";
		};
		D2935A7E25C8A85400AB959F /* DesignCodeCourse (macOS) */ = {
			isa = PBXNativeTarget;
			buildConfigurationList = D2935A8E25C8A85400AB959F /* Build configuration list for PBXNativeTarget "DesignCodeCourse (macOS)" */;
			buildPhases = (
				D2935A7B25C8A85400AB959F /* Sources */,
				D2935A7C25C8A85400AB959F /* Frameworks */,
				D2935A7D25C8A85400AB959F /* Resources */,
			);
			buildRules = (
			);
			dependencies = (
			);
			name = "DesignCodeCourse (macOS)";
			productName = "DesignCodeCourse (macOS)";
			productReference = D2935A7F25C8A85400AB959F /* DesignCodeCourse.app */;
			productType = "com.apple.product-type.application";
		};
/* End PBXNativeTarget section */

/* Begin PBXProject section */
		D2935A6B25C8A85200AB959F /* Project object */ = {
			isa = PBXProject;
			attributes = {
				LastSwiftUpdateCheck = 1240;
				LastUpgradeCheck = 1240;
				TargetAttributes = {
					D2935A7625C8A85400AB959F = {
						CreatedOnToolsVersion = 12.4;
					};
					D2935A7E25C8A85400AB959F = {
						CreatedOnToolsVersion = 12.4;
					};
				};
			};
			buildConfigurationList = D2935A6E25C8A85200AB959F /* Build configuration list for PBXProject "DesignCodeCourse" */;
			compatibilityVersion = "Xcode 9.3";
			developmentRegion = en;
			hasScannedForEncodings = 0;
			knownRegions = (
				en,
				Base,
			);
			mainGroup = D2935A6A25C8A85200AB959F;
			productRefGroup = D2935A7825C8A85400AB959F /* Products */;
			projectDirPath = "";
			projectRoot = "";
			targets = (
				D2935A7625C8A85400AB959F /* DesignCodeCourse (iOS) */,
				D2935A7E25C8A85400AB959F /* DesignCodeCourse (macOS) */,
			);
		};
/* End PBXProject section */

/* Begin PBXResourcesBuildPhase section */
		D2935A7525C8A85400AB959F /* Resources */ = {
			isa = PBXResourcesBuildPhase;
			buildActionMask = 2147483647;
			files = (
				D2935A8725C8A85400AB959F /* Assets.xcassets in Resources */,
			);
			runOnlyForDeploymentPostprocessing = 0;
		};
		D2935A7D25C8A85400AB959F /* Resources */ = {
			isa = PBXResourcesBuildPhase;
			buildActionMask = 2147483647;
			files = (
				D2935A8825C8A85400AB959F /* Assets.xcassets in Resources */,
			);
			runOnlyForDeploymentPostprocessing = 0;
		};
/* End PBXResourcesBuildPhase section */

/* Begin PBXSourcesBuildPhase section */
		D2935A7325C8A85400AB959F /* Sources */ = {
			isa = PBXSourcesBuildPhase;
			buildActionMask = 2147483647;
			files = (
				D26BAD1225CB3F5700B209E7 /* Course.swift in Sources */,
				D29DC68125C8C0AF000CAD9E /* Sidebar.swift in Sources */,
				D246BA5225C9F8CA004FA97E /* CourseItem.swift in Sources */,
				D2935A8525C8A85400AB959F /* ContentView.swift in Sources */,
				D29DC67725C8BD0E000CAD9E /* CourseRow.swift in Sources */,
				D2935A8325C8A85400AB959F /* DesignCodeCourseApp.swift in Sources */,
				D29DC67C25C8BFB6000CAD9E /* CoursesView.swift in Sources */,
				D246BA5D25C9FA26004FA97E /* CourseList.swift in Sources */,
			);
			runOnlyForDeploymentPostprocessing = 0;
		};
		D2935A7B25C8A85400AB959F /* Sources */ = {
			isa = PBXSourcesBuildPhase;
			buildActionMask = 2147483647;
			files = (
				D26BAD1325CB3F5700B209E7 /* Course.swift in Sources */,
				D29DC68225C8C0AF000CAD9E /* Sidebar.swift in Sources */,
				D246BA5325C9F8CA004FA97E /* CourseItem.swift in Sources */,
				D2935A8625C8A85400AB959F /* ContentView.swift in Sources */,
				D29DC67825C8BD0E000CAD9E /* CourseRow.swift in Sources */,
				D2935A8425C8A85400AB959F /* DesignCodeCourseApp.swift in Sources */,
				D29DC67D25C8BFB6000CAD9E /* CoursesView.swift in Sources */,
				D246BA5E25C9FA26004FA97E /* CourseList.swift in Sources */,
			);
			runOnlyForDeploymentPostprocessing = 0;
		};
/* End PBXSourcesBuildPhase section */

/* Begin XCBuildConfiguration section */
		D2935A8925C8A85400AB959F /* Debug */ = {
			isa = XCBuildConfiguration;
			buildSettings = {
				ALWAYS_SEARCH_USER_PATHS = NO;
				CLANG_ANALYZER_NONNULL = YES;
				CLANG_ANALYZER_NUMBER_OBJECT_CONVERSION = YES_AGGRESSIVE;
				CLANG_CXX_LANGUAGE_STANDARD = "gnu++14";
				CLANG_CXX_LIBRARY = "libc++";
				CLANG_ENABLE_MODULES = YES;
				CLANG_ENABLE_OBJC_ARC = YES;
				CLANG_ENABLE_OBJC_WEAK = YES;
				CLANG_WARN_BLOCK_CAPTURE_AUTORELEASING = YES;
				CLANG_WARN_BOOL_CONVERSION = YES;
				CLANG_WARN_COMMA = YES;
				CLANG_WARN_CONSTANT_CONVERSION = YES;
				CLANG_WARN_DEPRECATED_OBJC_IMPLEMENTATIONS = YES;
				CLANG_WARN_DIRECT_OBJC_ISA_USAGE = YES_ERROR;
				CLANG_WARN_DOCUMENTATION_COMMENTS = YES;
				CLANG_WARN_EMPTY_BODY = YES;
				CLANG_WARN_ENUM_CONVERSION = YES;
				CLANG_WARN_INFINITE_RECURSION = YES;
				CLANG_WARN_INT_CONVERSION = YES;
				CLANG_WARN_NON_LITERAL_NULL_CONVERSION = YES;
				CLANG_WARN_OBJC_IMPLICIT_RETAIN_SELF = YES;
				CLANG_WARN_OBJC_LITERAL_CONVERSION = YES;
				CLANG_WARN_OBJC_ROOT_CLASS = YES_ERROR;
				CLANG_WARN_QUOTED_INCLUDE_IN_FRAMEWORK_HEADER = YES;
				CLANG_WARN_RANGE_LOOP_ANALYSIS = YES;
				CLANG_WARN_STRICT_PROTOTYPES = YES;
				CLANG_WARN_SUSPICIOUS_MOVE = YES;
				CLANG_WARN_UNGUARDED_AVAILABILITY = YES_AGGRESSIVE;
				CLANG_WARN_UNREACHABLE_CODE = YES;
				CLANG_WARN__DUPLICATE_METHOD_MATCH = YES;
				COPY_PHASE_STRIP = NO;
				DEBUG_INFORMATION_FORMAT = dwarf;
				ENABLE_STRICT_OBJC_MSGSEND = YES;
				ENABLE_TESTABILITY = YES;
				GCC_C_LANGUAGE_STANDARD = gnu11;
				GCC_DYNAMIC_NO_PIC = NO;
				GCC_NO_COMMON_BLOCKS = YES;
				GCC_OPTIMIZATION_LEVEL = 0;
				GCC_PREPROCESSOR_DEFINITIONS = (
					"DEBUG=1",
					"$(inherited)",
				);
				GCC_WARN_64_TO_32_BIT_CONVERSION = YES;
				GCC_WARN_ABOUT_RETURN_TYPE = YES_ERROR;
				GCC_WARN_UNDECLARED_SELECTOR = YES;
				GCC_WARN_UNINITIALIZED_AUTOS = YES_AGGRESSIVE;
				GCC_WARN_UNUSED_FUNCTION = YES;
				GCC_WARN_UNUSED_VARIABLE = YES;
				MTL_ENABLE_DEBUG_INFO = INCLUDE_SOURCE;
				MTL_FAST_MATH = YES;
				ONLY_ACTIVE_ARCH = YES;
				SWIFT_ACTIVE_COMPILATION_CONDITIONS = DEBUG;
				SWIFT_OPTIMIZATION_LEVEL = "-Onone";
			};
			name = Debug;
		};
		D2935A8A25C8A85400AB959F /* Release */ = {
			isa = XCBuildConfiguration;
			buildSettings = {
				ALWAYS_SEARCH_USER_PATHS = NO;
				CLANG_ANALYZER_NONNULL = YES;
				CLANG_ANALYZER_NUMBER_OBJECT_CONVERSION = YES_AGGRESSIVE;
				CLANG_CXX_LANGUAGE_STANDARD = "gnu++14";
				CLANG_CXX_LIBRARY = "libc++";
				CLANG_ENABLE_MODULES = YES;
				CLANG_ENABLE_OBJC_ARC = YES;
				CLANG_ENABLE_OBJC_WEAK = YES;
				CLANG_WARN_BLOCK_CAPTURE_AUTORELEASING = YES;
				CLANG_WARN_BOOL_CONVERSION = YES;
				CLANG_WARN_COMMA = YES;
				CLANG_WARN_CONSTANT_CONVERSION = YES;
				CLANG_WARN_DEPRECATED_OBJC_IMPLEMENTATIONS = YES;
				CLANG_WARN_DIRECT_OBJC_ISA_USAGE = YES_ERROR;
				CLANG_WARN_DOCUMENTATION_COMMENTS = YES;
				CLANG_WARN_EMPTY_BODY = YES;
				CLANG_WARN_ENUM_CONVERSION = YES;
				CLANG_WARN_INFINITE_RECURSION = YES;
				CLANG_WARN_INT_CONVERSION = YES;
				CLANG_WARN_NON_LITERAL_NULL_CONVERSION = YES;
				CLANG_WARN_OBJC_IMPLICIT_RETAIN_SELF = YES;
				CLANG_WARN_OBJC_LITERAL_CONVERSION = YES;
				CLANG_WARN_OBJC_ROOT_CLASS = YES_ERROR;
				CLANG_WARN_QUOTED_INCLUDE_IN_FRAMEWORK_HEADER = YES;
				CLANG_WARN_RANGE_LOOP_ANALYSIS = YES;
				CLANG_WARN_STRICT_PROTOTYPES = YES;
				CLANG_WARN_SUSPICIOUS_MOVE = YES;
				CLANG_WARN_UNGUARDED_AVAILABILITY = YES_AGGRESSIVE;
				CLANG_WARN_UNREACHABLE_CODE = YES;
				CLANG_WARN__DUPLICATE_METHOD_MATCH = YES;
				COPY_PHASE_STRIP = NO;
				DEBUG_INFORMATION_FORMAT = "dwarf-with-dsym";
				ENABLE_NS_ASSERTIONS = NO;
				ENABLE_STRICT_OBJC_MSGSEND = YES;
				GCC_C_LANGUAGE_STANDARD = gnu11;
				GCC_NO_COMMON_BLOCKS = YES;
				GCC_WARN_64_TO_32_BIT_CONVERSION = YES;
				GCC_WARN_ABOUT_RETURN_TYPE = YES_ERROR;
				GCC_WARN_UNDECLARED_SELECTOR = YES;
				GCC_WARN_UNINITIALIZED_AUTOS = YES_AGGRESSIVE;
				GCC_WARN_UNUSED_FUNCTION = YES;
				GCC_WARN_UNUSED_VARIABLE = YES;
				MTL_ENABLE_DEBUG_INFO = NO;
				MTL_FAST_MATH = YES;
				SWIFT_COMPILATION_MODE = wholemodule;
				SWIFT_OPTIMIZATION_LEVEL = "-O";
			};
			name = Release;
		};
		D2935A8C25C8A85400AB959F /* Debug */ = {
			isa = XCBuildConfiguration;
			buildSettings = {
				ASSETCATALOG_COMPILER_APPICON_NAME = AppIcon;
				ASSETCATALOG_COMPILER_GLOBAL_ACCENT_COLOR_NAME = AccentColor;
				CODE_SIGN_STYLE = Automatic;
				DEVELOPMENT_TEAM = 777KXZZSKL;
				ENABLE_PREVIEWS = YES;
				INFOPLIST_FILE = iOS/Info.plist;
				IPHONEOS_DEPLOYMENT_TARGET = 14.0;
				LD_RUNPATH_SEARCH_PATHS = (
					"$(inherited)",
					"@executable_path/Frameworks",
				);
				PRODUCT_BUNDLE_IDENTIFIER = com.ariantaherzadeh.DesignCodeCourse;
				PRODUCT_NAME = DesignCodeCourse;
				SDKROOT = iphoneos;
				SWIFT_VERSION = 5.0;
				TARGETED_DEVICE_FAMILY = "1,2";
			};
			name = Debug;
		};
		D2935A8D25C8A85400AB959F /* Release */ = {
			isa = XCBuildConfiguration;
			buildSettings = {
				ASSETCATALOG_COMPILER_APPICON_NAME = AppIcon;
				ASSETCATALOG_COMPILER_GLOBAL_ACCENT_COLOR_NAME = AccentColor;
				CODE_SIGN_STYLE = Automatic;
				DEVELOPMENT_TEAM = 777KXZZSKL;
				ENABLE_PREVIEWS = YES;
				INFOPLIST_FILE = iOS/Info.plist;
				IPHONEOS_DEPLOYMENT_TARGET = 14.0;
				LD_RUNPATH_SEARCH_PATHS = (
					"$(inherited)",
					"@executable_path/Frameworks",
				);
				PRODUCT_BUNDLE_IDENTIFIER = com.ariantaherzadeh.DesignCodeCourse;
				PRODUCT_NAME = DesignCodeCourse;
				SDKROOT = iphoneos;
				SWIFT_VERSION = 5.0;
				TARGETED_DEVICE_FAMILY = "1,2";
				VALIDATE_PRODUCT = YES;
			};
			name = Release;
		};
		D2935A8F25C8A85400AB959F /* Debug */ = {
			isa = XCBuildConfiguration;
			buildSettings = {
				ASSETCATALOG_COMPILER_APPICON_NAME = AppIcon;
				ASSETCATALOG_COMPILER_GLOBAL_ACCENT_COLOR_NAME = AccentColor;
				CODE_SIGN_ENTITLEMENTS = macOS/macOS.entitlements;
				CODE_SIGN_STYLE = Automatic;
				COMBINE_HIDPI_IMAGES = YES;
				DEVELOPMENT_TEAM = 777KXZZSKL;
				ENABLE_HARDENED_RUNTIME = YES;
				ENABLE_PREVIEWS = YES;
				INFOPLIST_FILE = macOS/Info.plist;
				LD_RUNPATH_SEARCH_PATHS = (
					"$(inherited)",
					"@executable_path/../Frameworks",
				);
				MACOSX_DEPLOYMENT_TARGET = 11.0;
				PRODUCT_BUNDLE_IDENTIFIER = com.ariantaherzadeh.DesignCodeCourse;
				PRODUCT_NAME = DesignCodeCourse;
				SDKROOT = macosx;
				SWIFT_VERSION = 5.0;
			};
			name = Debug;
		};
		D2935A9025C8A85400AB959F /* Release */ = {
			isa = XCBuildConfiguration;
			buildSettings = {
				ASSETCATALOG_COMPILER_APPICON_NAME = AppIcon;
				ASSETCATALOG_COMPILER_GLOBAL_ACCENT_COLOR_NAME = AccentColor;
				CODE_SIGN_ENTITLEMENTS = macOS/macOS.entitlements;
				CODE_SIGN_STYLE = Automatic;
				COMBINE_HIDPI_IMAGES = YES;
				DEVELOPMENT_TEAM = 777KXZZSKL;
				ENABLE_HARDENED_RUNTIME = YES;
				ENABLE_PREVIEWS = YES;
				INFOPLIST_FILE = macOS/Info.plist;
				LD_RUNPATH_SEARCH_PATHS = (
					"$(inherited)",
					"@executable_path/../Frameworks",
				);
				MACOSX_DEPLOYMENT_TARGET = 11.0;
				PRODUCT_BUNDLE_IDENTIFIER = com.ariantaherzadeh.DesignCodeCourse;
				PRODUCT_NAME = DesignCodeCourse;
				SDKROOT = macosx;
				SWIFT_VERSION = 5.0;
			};
			name = Release;
		};
/* End XCBuildConfiguration section */

/* Begin XCConfigurationList section */
		D2935A6E25C8A85200AB959F /* Build configuration list for PBXProject "DesignCodeCourse" */ = {
			isa = XCConfigurationList;
			buildConfigurations = (
				D2935A8925C8A85400AB959F /* Debug */,
				D2935A8A25C8A85400AB959F /* Release */,
			);
			defaultConfigurationIsVisible = 0;
			defaultConfigurationName = Release;
		};
		D2935A8B25C8A85400AB959F /* Build configuration list for PBXNativeTarget "DesignCodeCourse (iOS)" */ = {
			isa = XCConfigurationList;
			buildConfigurations = (
				D2935A8C25C8A85400AB959F /* Debug */,
				D2935A8D25C8A85400AB959F /* Release */,
			);
			defaultConfigurationIsVisible = 0;
			defaultConfigurationName = Release;
		};
		D2935A8E25C8A85400AB959F /* Build configuration list for PBXNativeTarget "DesignCodeCourse (macOS)" */ = {
			isa = XCConfigurationList;
			buildConfigurations = (
				D2935A8F25C8A85400AB959F /* Debug */,
				D2935A9025C8A85400AB959F /* Release */,
			);
			defaultConfigurationIsVisible = 0;
			defaultConfigurationName = Release;
		};
/* End XCConfigurationList section */
	};
	rootObject = D2935A6B25C8A85200AB959F /* Project object */;
}
